{
  "name": "photography_website",
  "version": "1.0.0",
  "lockfileVersion": 2,
  "requires": true,
  "packages": {
    "": {
      "name": "photography_website",
      "version": "1.0.0",
      "license": "ISC",
      "dependencies": {
        "nodemon": "^2.0.12"
      },
      "devDependencies": {
        "lg-hash": "^1.0.4",
        "lg-pager": "^1.0.2",
        "lg-share": "^1.2.1",
        "video.js": "^7.14.3",
        "webpack": "^5.49.0"
      }
    }
  }
}